
Microsoft Visual Studio Solution File, Format Version 12.00
# Visual Studio Version 17
VisualStudioVersion = 17.8.34408.163
MinimumVisualStudioVersion = 10.0.40219.1
Project("{FAE04EC0-301F-11D3-BF4B-00C04F79EFBC}") = "Entities", "Entities\Entities.csproj", "{AC4C3F1E-18B1-41E2-BFA2-59D86E00FD5F}"
EndProject
Global
	GlobalSection(SolutionConfigurationPlatforms) = preSolution
		Debug|Any CPU = Debug|Any CPU
		Release|Any CPU = Release|Any CPU
	EndGlobalSection
	GlobalSection(ProjectConfigurationPlatforms) = postSolution
		{AC4C3F1E-18B1-41E2-BFA2-59D86E00FD5F}.Debug|Any CPU.ActiveCfg = Debug|Any CPU
		{AC4C3F1E-18B1-41E2-BFA2-59D86E00FD5F}.Debug|Any CPU.Build.0 = Debug|Any CPU
		{AC4C3F1E-18B1-41E2-BFA2-59D86E00FD5F}.Release|Any CPU.ActiveCfg = Release|Any CPU
		{AC4C3F1E-18B1-41E2-BFA2-59D86E00FD5F}.Release|Any CPU.Build.0 = Release|Any CPU
	EndGlobalSection
	GlobalSection(SolutionProperties) = preSolution
		HideSolutionNode = FALSE
	EndGlobalSection
	GlobalSection(ExtensibilityGlobals) = postSolution
		SolutionGuid = {05E6CF30-6E01-41F8-8BB2-30D909EDB457}
	EndGlobalSection
EndGlobal
